Microsoft Visual Studio Solution File, Format Version 12.00
# Visual Studio Version 17
VisualStudioVersion = 17.5.2.0
MinimumVisualStudioVersion = 10.0.40219.1
Project("{FAE04EC0-301F-11D3-BF4B-00C04F79EFBC}") = "DemoAPICI", "DemoAPICI.csproj", "{6FDD6C72-BEC7-3415-244A-2D5E5D6A2697}"
EndProject
Global
	GlobalSection(SolutionConfigurationPlatforms) = preSolution
		Debug|Any CPU = Debug|Any CPU
		Release|Any CPU = Release|Any CPU
	EndGlobalSection
	GlobalSection(ProjectConfigurationPlatforms) = postSolution
		{6FDD6C72-BEC7-3415-244A-2D5E5D6A2697}.Debug|Any CPU.ActiveCfg = Debug|Any CPU
		{6FDD6C72-BEC7-3415-244A-2D5E5D6A2697}.Debug|Any CPU.Build.0 = Debug|Any CPU
		{6FDD6C72-BEC7-3415-244A-2D5E5D6A2697}.Release|Any CPU.ActiveCfg = Release|Any CPU
		{6FDD6C72-BEC7-3415-244A-2D5E5D6A2697}.Release|Any CPU.Build.0 = Release|Any CPU
	EndGlobalSection
	GlobalSection(SolutionProperties) = preSolution
		HideSolutionNode = FALSE
	EndGlobalSection
	GlobalSection(ExtensibilityGlobals) = postSolution
		SolutionGuid = {BCA9806B-CB88-4E39-B8DE-6E9048211771}
	EndGlobalSection
EndGlobal
